
Microsoft Visual Studio Solution File, Format Version 12.00
# Visual Studio Version 17
VisualStudioVersion = 17.4.33213.308
MinimumVisualStudioVersion = 10.0.40219.1
Project("{FAE04EC0-301F-11D3-BF4B-00C04F79EFBC}") = "Bmx", "Bmx.csproj", "{3911F53D-87E9-491A-87ED-4B8BFCE8E7FE}"
EndProject
Global
	GlobalSection(SolutionConfigurationPlatforms) = preSolution
		Debug|Any CPU = Debug|Any CPU
		Release|Any CPU = Release|Any CPU
	EndGlobalSection
	GlobalSection(ProjectConfigurationPlatforms) = postSolution
		{3911F53D-87E9-491A-87ED-4B8BFCE8E7FE}.Debug|Any CPU.ActiveCfg = Debug|Any CPU
		{3911F53D-87E9-491A-87ED-4B8BFCE8E7FE}.Debug|Any CPU.Build.0 = Debug|Any CPU
		{3911F53D-87E9-491A-87ED-4B8BFCE8E7FE}.Release|Any CPU.ActiveCfg = Release|Any CPU
		{3911F53D-87E9-491A-87ED-4B8BFCE8E7FE}.Release|Any CPU.Build.0 = Release|Any CPU
	EndGlobalSection
	GlobalSection(SolutionProperties) = preSolution
		HideSolutionNode = FALSE
	EndGlobalSection
	GlobalSection(ExtensibilityGlobals) = postSolution
		SolutionGuid = {40761F37-DAF0-4C94-90DF-54636C97CC50}
	EndGlobalSection
EndGlobal
