
Microsoft Visual Studio Solution File, Format Version 12.00
# Visual Studio Version 17
VisualStudioVersion = 17.4.33213.308
MinimumVisualStudioVersion = 10.0.40219.1
Project("{FAE04EC0-301F-11D3-BF4B-00C04F79EFBC}") = "D2L.Bmx", "D2L.Bmx.csproj", "{6CE18A2F-E585-4DC7-9761-3D5CF26E7B1B}"
EndProject
Global
	GlobalSection(SolutionConfigurationPlatforms) = preSolution
		Debug|Any CPU = Debug|Any CPU
		Release|Any CPU = Release|Any CPU
	EndGlobalSection
	GlobalSection(ProjectConfigurationPlatforms) = postSolution
		{6CE18A2F-E585-4DC7-9761-3D5CF26E7B1B}.Debug|Any CPU.ActiveCfg = Debug|Any CPU
		{6CE18A2F-E585-4DC7-9761-3D5CF26E7B1B}.Debug|Any CPU.Build.0 = Debug|Any CPU
		{6CE18A2F-E585-4DC7-9761-3D5CF26E7B1B}.Release|Any CPU.ActiveCfg = Release|Any CPU
		{6CE18A2F-E585-4DC7-9761-3D5CF26E7B1B}.Release|Any CPU.Build.0 = Release|Any CPU
	EndGlobalSection
	GlobalSection(SolutionProperties) = preSolution
		HideSolutionNode = FALSE
	EndGlobalSection
	GlobalSection(ExtensibilityGlobals) = postSolution
		SolutionGuid = {E94027E7-7849-4DE3-98C9-E954B22D89C1}
	EndGlobalSection
EndGlobal
